
Microsoft Visual Studio Solution File, Format Version 12.00
# Visual Studio Version 16
VisualStudioVersion = 16.0.31424.327
MinimumVisualStudioVersion = 10.0.40219.1
Project("{FAE04EC0-301F-11D3-BF4B-00C04F79EFBC}") = "SimpleCalculatorTDD", "SimpleCalculatorTDD\SimpleCalculatorTDD.csproj", "{1EC7242E-714C-4B15-BBC0-2F9D473F1CEE}"
EndProject
Project("{FAE04EC0-301F-11D3-BF4B-00C04F79EFBC}") = "SimpleCalculatorTDD.Tests", "SimpleCalculatorTDD.Tests\SimpleCalculatorTDD.Tests.csproj", "{B0C84A56-A53A-458C-B5D8-A3C48CD29FF8}"
EndProject
Global
	GlobalSection(SolutionConfigurationPlatforms) = preSolution
		Debug|Any CPU = Debug|Any CPU
		Release|Any CPU = Release|Any CPU
	EndGlobalSection
	GlobalSection(ProjectConfigurationPlatforms) = postSolution
		{1EC7242E-714C-4B15-BBC0-2F9D473F1CEE}.Debug|Any CPU.ActiveCfg = Debug|Any CPU
		{1EC7242E-714C-4B15-BBC0-2F9D473F1CEE}.Debug|Any CPU.Build.0 = Debug|Any CPU
		{1EC7242E-714C-4B15-BBC0-2F9D473F1CEE}.Release|Any CPU.ActiveCfg = Release|Any CPU
		{1EC7242E-714C-4B15-BBC0-2F9D473F1CEE}.Release|Any CPU.Build.0 = Release|Any CPU
		{B0C84A56-A53A-458C-B5D8-A3C48CD29FF8}.Debug|Any CPU.ActiveCfg = Debug|Any CPU
		{B0C84A56-A53A-458C-B5D8-A3C48CD29FF8}.Debug|Any CPU.Build.0 = Debug|Any CPU
		{B0C84A56-A53A-458C-B5D8-A3C48CD29FF8}.Release|Any CPU.ActiveCfg = Release|Any CPU
		{B0C84A56-A53A-458C-B5D8-A3C48CD29FF8}.Release|Any CPU.Build.0 = Release|Any CPU
	EndGlobalSection
	GlobalSection(SolutionProperties) = preSolution
		HideSolutionNode = FALSE
	EndGlobalSection
	GlobalSection(ExtensibilityGlobals) = postSolution
		SolutionGuid = {993B005D-B94C-4947-88C4-120AF2B5A353}
	EndGlobalSection
EndGlobal
